
Microsoft Visual Studio Solution File, Format Version 12.00
# Visual Studio Version 17
VisualStudioVersion = 17.13.35931.197 d17.13
MinimumVisualStudioVersion = 10.0.40219.1
Project("{FAE04EC0-301F-11D3-BF4B-00C04F79EFBC}") = "konversi suhu", "konversi suhu\konversi suhu.csproj", "{37E613B7-58ED-4BC4-94DD-CEC0C56D3A64}"
EndProject
Global
	GlobalSection(SolutionConfigurationPlatforms) = preSolution
		Debug|Any CPU = Debug|Any CPU
		Release|Any CPU = Release|Any CPU
	EndGlobalSection
	GlobalSection(ProjectConfigurationPlatforms) = postSolution
		{37E613B7-58ED-4BC4-94DD-CEC0C56D3A64}.Debug|Any CPU.ActiveCfg = Debug|Any CPU
		{37E613B7-58ED-4BC4-94DD-CEC0C56D3A64}.Debug|Any CPU.Build.0 = Debug|Any CPU
		{37E613B7-58ED-4BC4-94DD-CEC0C56D3A64}.Release|Any CPU.ActiveCfg = Release|Any CPU
		{37E613B7-58ED-4BC4-94DD-CEC0C56D3A64}.Release|Any CPU.Build.0 = Release|Any CPU
	EndGlobalSection
	GlobalSection(SolutionProperties) = preSolution
		HideSolutionNode = FALSE
	EndGlobalSection
	GlobalSection(ExtensibilityGlobals) = postSolution
		SolutionGuid = {92C3410C-A0AF-4EAA-9F1A-2EB915A6A002}
	EndGlobalSection
EndGlobal
